
Microsoft Visual Studio Solution File, Format Version 12.00
# Visual Studio Version 17
VisualStudioVersion = 17.11.35222.181
MinimumVisualStudioVersion = 10.0.40219.1
Project("{FAE04EC0-301F-11D3-BF4B-00C04F79EFBC}") = "WhiteLagoon.Web", "WhiteLagoon.Web\WhiteLagoon.Web.csproj", "{26CFA391-68AE-432D-A7C3-51E2CD38BF0A}"
EndProject
Project("{FAE04EC0-301F-11D3-BF4B-00C04F79EFBC}") = "WhiteLagoon.Domain", "WhiteLagoon.Domain\WhiteLagoon.Domain.csproj", "{83ACDEBA-A3CA-45EA-B7CC-BF4C398AB5F0}"
EndProject
Project("{FAE04EC0-301F-11D3-BF4B-00C04F79EFBC}") = "WhiteLagoon.Application", "WhiteLagoon.Application\WhiteLagoon.Application.csproj", "{5816DD0B-627E-4C09-BEB4-1E905F70DF35}"
EndProject
Project("{FAE04EC0-301F-11D3-BF4B-00C04F79EFBC}") = "WhiteLagoon.Infrastructure", "WhiteLagoon.Infrastructure\WhiteLagoon.Infrastructure.csproj", "{842C9F4D-25EF-47D8-BB1D-ADCC2408D8A8}"
EndProject
Global
	GlobalSection(SolutionConfigurationPlatforms) = preSolution
		Debug|Any CPU = Debug|Any CPU
		Release|Any CPU = Release|Any CPU
	EndGlobalSection
	GlobalSection(ProjectConfigurationPlatforms) = postSolution
		{26CFA391-68AE-432D-A7C3-51E2CD38BF0A}.Debug|Any CPU.ActiveCfg = Debug|Any CPU
		{26CFA391-68AE-432D-A7C3-51E2CD38BF0A}.Debug|Any CPU.Build.0 = Debug|Any CPU
		{26CFA391-68AE-432D-A7C3-51E2CD38BF0A}.Release|Any CPU.ActiveCfg = Release|Any CPU
		{26CFA391-68AE-432D-A7C3-51E2CD38BF0A}.Release|Any CPU.Build.0 = Release|Any CPU
		{83ACDEBA-A3CA-45EA-B7CC-BF4C398AB5F0}.Debug|Any CPU.ActiveCfg = Debug|Any CPU
		{83ACDEBA-A3CA-45EA-B7CC-BF4C398AB5F0}.Debug|Any CPU.Build.0 = Debug|Any CPU
		{83ACDEBA-A3CA-45EA-B7CC-BF4C398AB5F0}.Release|Any CPU.ActiveCfg = Release|Any CPU
		{83ACDEBA-A3CA-45EA-B7CC-BF4C398AB5F0}.Release|Any CPU.Build.0 = Release|Any CPU
		{5816DD0B-627E-4C09-BEB4-1E905F70DF35}.Debug|Any CPU.ActiveCfg = Debug|Any CPU
		{5816DD0B-627E-4C09-BEB4-1E905F70DF35}.Debug|Any CPU.Build.0 = Debug|Any CPU
		{5816DD0B-627E-4C09-BEB4-1E905F70DF35}.Release|Any CPU.ActiveCfg = Release|Any CPU
		{5816DD0B-627E-4C09-BEB4-1E905F70DF35}.Release|Any CPU.Build.0 = Release|Any CPU
		{842C9F4D-25EF-47D8-BB1D-ADCC2408D8A8}.Debug|Any CPU.ActiveCfg = Debug|Any CPU
		{842C9F4D-25EF-47D8-BB1D-ADCC2408D8A8}.Debug|Any CPU.Build.0 = Debug|Any CPU
		{842C9F4D-25EF-47D8-BB1D-ADCC2408D8A8}.Release|Any CPU.ActiveCfg = Release|Any CPU
		{842C9F4D-25EF-47D8-BB1D-ADCC2408D8A8}.Release|Any CPU.Build.0 = Release|Any CPU
	EndGlobalSection
	GlobalSection(SolutionProperties) = preSolution
		HideSolutionNode = FALSE
	EndGlobalSection
	GlobalSection(ExtensibilityGlobals) = postSolution
		SolutionGuid = {60092D82-308A-452A-8C5C-70D50B446552}
	EndGlobalSection
EndGlobal
